Microsoft Visual Studio Solution File, Format Version 12.00
# Visual Studio 2013
VisualStudioVersion = 12.0.30501.0
MinimumVisualStudioVersion = 10.0.40219.1
Project("{FAE04EC0-301F-11D3-BF4B-00C04F79EFBC}") = "WebWagon", "WebWagon\WebWagon.csproj", "{06049A94-2C16-4888-8168-AF9B31DE7576}"
EndProject
Project("{FAE04EC0-301F-11D3-BF4B-00C04F79EFBC}") = "ResxTranslator", "ResxTranslator\ResxTranslator.csproj", "{7B2E64D8-BD24-4420-A1B8-EC76EAC37A21}"
EndProject
Global
	GlobalSection(SolutionConfigurationPlatforms) = preSolution
		Debug|Any CPU = Debug|Any CPU
		Release|Any CPU = Release|Any CPU
	EndGlobalSection
	GlobalSection(ProjectConfigurationPlatforms) = postSolution
		{06049A94-2C16-4888-8168-AF9B31DE7576}.Debug|Any CPU.ActiveCfg = Debug|Any CPU
		{06049A94-2C16-4888-8168-AF9B31DE7576}.Debug|Any CPU.Build.0 = Debug|Any CPU
		{06049A94-2C16-4888-8168-AF9B31DE7576}.Release|Any CPU.ActiveCfg = Release|Any CPU
		{06049A94-2C16-4888-8168-AF9B31DE7576}.Release|Any CPU.Build.0 = Release|Any CPU
		{7B2E64D8-BD24-4420-A1B8-EC76EAC37A21}.Debug|Any CPU.ActiveCfg = Debug|Any CPU
		{7B2E64D8-BD24-4420-A1B8-EC76EAC37A21}.Debug|Any CPU.Build.0 = Debug|Any CPU
		{7B2E64D8-BD24-4420-A1B8-EC76EAC37A21}.Release|Any CPU.ActiveCfg = Release|Any CPU
		{7B2E64D8-BD24-4420-A1B8-EC76EAC37A21}.Release|Any CPU.Build.0 = Release|Any CPU
	EndGlobalSection
	GlobalSection(SolutionProperties) = preSolution
		HideSolutionNode = FALSE
	EndGlobalSection
EndGlobal
